<?xml version="1.0" encoding="utf-8"?>
<Project ToolsVersion="4.0" xmlns="http://schemas.microsoft.com/developer/msbuild/2003">
  <ItemGroup>
    <Filter Include="Source Files">
      <UniqueIdentifier>{4FC737F1-C7A5-4376-A066-2A32D752A2FF}</UniqueIdentifier>
      <Extensions>cpp;c;cc;cxx;def;odl;idl;hpj;bat;asm;asmx</Extensions>
    </Filter>
    <Filter Include="Header Files">
      <UniqueIdentifier>{93995380-89BD-4b04-88EB-625FBE52EBFB}</UniqueIdentifier>
      <Extensions>h;hh;hpp;hxx;hm;inl;inc;xsd</Extensions>
    </Filter>
    <Filter Include="Resource Files">
      <UniqueIdentifier>{67DA6AB6-F800-4c08-8B7A-83BB121AAD01}</UniqueIdentifier>
      <Extensions>rc;ico;cur;bmp;dlg;rc2;rct;bin;rgs;gif;jpg;jpeg;jpe;resx;tiff;tif;png;wav;mfcribbon-ms</Extensions>
    </Filter>
    <Filter Include="Header Files\techdemos">
      <UniqueIdentifier>{d9f00d3c-8010-452a-a0c7-36074c31d6c1}</UniqueIdentifier>
    </Filter>
    <Filter Include="Source Files\techdemos">
      <UniqueIdentifier>{6f1509c4-1140-4511-b47e-d8225775ad7d}</UniqueIdentifier>
    </Filter>
    <Filter Include="Header Files\entities">
      <UniqueIdentifier>{d02be0ca-5bc8-47da-b580-62f97140837d}</UniqueIdentifier>
    </Filter>
    <Filter Include="Source Files\entities">
      <UniqueIdentifier>{4c6e18c7-5cb5-4a46-9ec8-632e2233e236}</UniqueIdentifier>
    </Filter>
    <Filter Include="Source Files\VFX">
      <UniqueIdentifier>{30cec94e-f443-42dd-8177-3b89e1d6e88a}</UniqueIdentifier>
    </Filter>
    <Filter Include="Header Files\VFX">
      <UniqueIdentifier>{6de83922-5078-4b9e-957e-fc619b0501e0}</UniqueIdentifier>
    </Filter>
    <Filter Include="Resource Files\shaders">
      <UniqueIdentifier>{7c8a4464-4b10-4219-b672-7055ff439cdd}</UniqueIdentifier>
    </Filter>
    <Filter Include="Header Files\scenes">
      <UniqueIdentifier>{01ed94cf-614c-4155-b6a6-37ea5b47e083}</UniqueIdentifier>
    </Filter>
    <Filter Include="Source Files\scenes">
      <UniqueIdentifier>{b26ed3a9-8ec5-4b3c-ae15-dbe20e17114e}</UniqueIdentifier>
    </Filter>
    <Filter Include="Header Files\entities\spine_entities">
      <UniqueIdentifier>{1adade70-ce64-49b6-8660-787e21b7f28f}</UniqueIdentifier>
    </Filter>
    <Filter Include="Source Files\entities\spine_entities">
      <UniqueIdentifier>{c0be2a73-3119-48ef-8f62-2c88741e48be}</UniqueIdentifier>
    </Filter>
    <Filter Include="Header Files\grid">
      <UniqueIdentifier>{ea116173-306f-4450-9755-d0c59e44ad6d}</UniqueIdentifier>
    </Filter>
    <Filter Include="Source Files\grid">
      <UniqueIdentifier>{47e5a6b8-9072-4c0a-83ab-525fef63c522}</UniqueIdentifier>
    </Filter>
  </ItemGroup>
  <ItemGroup>
    <ClCompile Include="src\main.cpp">
      <Filter>Source Files</Filter>
    </ClCompile>
    <ClCompile Include="src\paintbrush.cpp">
      <Filter>Source Files</Filter>
    </ClCompile>
    <ClCompile Include="src\techdemos\TTFTechDemo.cpp">
      <Filter>Source Files\techdemos</Filter>
    </ClCompile>
    <ClCompile Include="src\techdemos\SpineTechDemo.cpp">
      <Filter>Source Files\techdemos</Filter>
    </ClCompile>
    <ClCompile Include="src\spine_data.cpp">
      <Filter>Source Files</Filter>
    </ClCompile>
    <ClCompile Include="src\base_user_interface.cpp">
      <Filter>Source Files</Filter>
    </ClCompile>
    <ClCompile Include="src\audio_controller.cpp">
      <Filter>Source Files</Filter>
    </ClCompile>
    <ClCompile Include="src\techdemos\AudioTechDemo.cpp">
      <Filter>Source Files\techdemos</Filter>
    </ClCompile>
    <ClCompile Include="src\model_data.cpp">
      <Filter>Source Files</Filter>
    </ClCompile>
    <ClCompile Include="src\techdemos\ModelTechDemo.cpp">
      <Filter>Source Files\techdemos</Filter>
    </ClCompile>
    <ClCompile Include="src\techdemos\ShaderTechDemo.cpp">
      <Filter>Source Files\techdemos</Filter>
    </ClCompile>
    <ClCompile Include="src\linear_algebra.cpp">
      <Filter>Source Files</Filter>
    </ClCompile>
    <ClCompile Include="src\techdemos\ModelToPolygonTechDemo.cpp">
      <Filter>Source Files\techdemos</Filter>
    </ClCompile>
    <ClCompile Include="src\techdemos\GrassTechDemo.cpp">
      <Filter>Source Files\techdemos</Filter>
    </ClCompile>
    <ClCompile Include="src\techdemos\SceneTechDemo.cpp">
      <Filter>Source Files\techdemos</Filter>
    </ClCompile>
    <ClCompile Include="src\techdemos\EmitterTechDemo.cpp">
      <Filter>Source Files\techdemos</Filter>
    </ClCompile>
    <ClCompile Include="src\techdemos\PhysicsTechDemo.cpp">
      <Filter>Source Files\techdemos</Filter>
    </ClCompile>
    <ClCompile Include="src\techdemos\LightTechDemo.cpp">
      <Filter>Source Files\techdemos</Filter>
    </ClCompile>
    <ClCompile Include="src\entity.cpp">
      <Filter>Source Files\entities</Filter>
    </ClCompile>
    <ClCompile Include="src\light_manager.cpp">
      <Filter>Source Files\VFX</Filter>
    </ClCompile>
    <ClCompile Include="src\vfxgrass.cpp">
      <Filter>Source Files\VFX</Filter>
    </ClCompile>
    <ClCompile Include="src\particles.cpp">
      <Filter>Source Files\VFX</Filter>
    </ClCompile>
    <ClCompile Include="src\game_entity.cpp">
      <Filter>Source Files\entities</Filter>
    </ClCompile>
    <ClCompile Include="src\base_gamelevel.cpp">
      <Filter>Source Files\scenes</Filter>
    </ClCompile>
    <ClCompile Include="src\techdemos\PostProcessDemo.cpp">
      <Filter>Source Files\techdemos</Filter>
    </ClCompile>
    <ClCompile Include="src\techdemos\EnemyTechDemo.cpp">
      <Filter>Source Files\techdemos</Filter>
    </ClCompile>
    <ClCompile Include="src\leveleditor.cpp">
      <Filter>Source Files\scenes</Filter>
    </ClCompile>
    <ClCompile Include="src\techdemos\GraveyardTechDemo.cpp">
      <Filter>Source Files\scenes</Filter>
    </ClCompile>
    <ClCompile Include="src\techdemos\MeadowTechDemo.cpp">
      <Filter>Source Files\scenes</Filter>
    </ClCompile>
    <ClCompile Include="src\techdemos\MarshTechDemo.cpp">
      <Filter>Source Files\scenes</Filter>
    </ClCompile>
    <ClCompile Include="src\techdemos\TownTechDemo.cpp">
      <Filter>Source Files\scenes</Filter>
    </ClCompile>
    <ClCompile Include="src\archer_entity.cpp">
      <Filter>Source Files\entities\spine_entities</Filter>
    </ClCompile>
    <ClCompile Include="src\npc_entity.cpp">
      <Filter>Source Files\entities\spine_entities</Filter>
    </ClCompile>
    <ClCompile Include="src\player_entity.cpp">
      <Filter>Source Files\entities\spine_entities</Filter>
    </ClCompile>
    <ClCompile Include="src\skeleton_entity.cpp">
      <Filter>Source Files\entities\spine_entities</Filter>
    </ClCompile>
    <ClCompile Include="src\spine_entity.cpp">
      <Filter>Source Files\entities\spine_entities</Filter>
    </ClCompile>
    <ClCompile Include="src\arrow_entity.cpp">
      <Filter>Source Files\entities</Filter>
    </ClCompile>
    <ClCompile Include="src\button_entity.cpp">
      <Filter>Source Files\entities</Filter>
    </ClCompile>
    <ClCompile Include="src\portcullis_entity.cpp">
      <Filter>Source Files\entities</Filter>
    </ClCompile>
    <ClCompile Include="src\swordsman_entity.cpp">
      <Filter>Source Files\entities\spine_entities</Filter>
    </ClCompile>
    <ClCompile Include="src\enemy_sidefire.cpp">
      <Filter>Source Files\entities</Filter>
    </ClCompile>
    <ClCompile Include="src\techdemos\BreakoutTechDemo.cpp">
      <Filter>Source Files\techdemos</Filter>
    </ClCompile>
    <ClCompile Include="src\techdemos\JokeTechDemo.cpp">
      <Filter>Source Files\techdemos</Filter>
    </ClCompile>
    <ClCompile Include="src\techdemos\FogOfWarTechDemo.cpp">
      <Filter>Source Files\techdemos</Filter>
    </ClCompile>
    <ClCompile Include="src\grid_manager.cpp">
      <Filter>Source Files\grid</Filter>
    </ClCompile>
    <ClCompile Include="src\techdemos\DungeonTechDemo.cpp">
      <Filter>Source Files\techdemos</Filter>
    </ClCompile>
  </ItemGroup>
  <ItemGroup>
    <ClInclude Include="src\level.h">
      <Filter>Header Files</Filter>
    </ClInclude>
    <ClInclude Include="src\paintbrush.h">
      <Filter>Header Files</Filter>
    </ClInclude>
    <ClInclude Include="src\techdemos\basetechdemo.h">
      <Filter>Header Files\techdemos</Filter>
    </ClInclude>
    <ClInclude Include="src\techdemos\ttftechdemo.h">
      <Filter>Header Files\techdemos</Filter>
    </ClInclude>
    <ClInclude Include="src\techdemos\spinetechdemo.h">
      <Filter>Header Files\techdemos</Filter>
    </ClInclude>
    <ClInclude Include="src\spine_data.h">
      <Filter>Header Files</Filter>
    </ClInclude>
    <ClInclude Include="src\base_user_interface.h">
      <Filter>Header Files</Filter>
    </ClInclude>
    <ClInclude Include="src\common.h">
      <Filter>Header Files</Filter>
    </ClInclude>
    <ClInclude Include="src\audio_controller.h">
      <Filter>Header Files</Filter>
    </ClInclude>
    <ClInclude Include="src\techdemos\audiotechdemo.h">
      <Filter>Header Files\techdemos</Filter>
    </ClInclude>
    <ClInclude Include="src\model_data.h">
      <Filter>Header Files</Filter>
    </ClInclude>
    <ClInclude Include="src\techdemos\modeltechdemo.h">
      <Filter>Header Files\techdemos</Filter>
    </ClInclude>
    <ClInclude Include="src\techdemos\shadertechdemo.h">
      <Filter>Header Files\techdemos</Filter>
    </ClInclude>
    <ClInclude Include="src\glext.h">
      <Filter>Header Files</Filter>
    </ClInclude>
    <ClInclude Include="src\linear_algebra.h">
      <Filter>Header Files</Filter>
    </ClInclude>
    <ClInclude Include="src\techdemos\modeltopolygontechdemo.h">
      <Filter>Header Files\techdemos</Filter>
    </ClInclude>
    <ClInclude Include="src\techdemos\grasstechdemo.h">
      <Filter>Header Files\techdemos</Filter>
    </ClInclude>
    <ClInclude Include="src\techdemos\scenetechdemo.h">
      <Filter>Header Files\techdemos</Filter>
    </ClInclude>
    <ClInclude Include="src\techdemos\emittertechdemo.h">
      <Filter>Header Files\techdemos</Filter>
    </ClInclude>
    <ClInclude Include="src\techdemos\physicstechdemo.h">
      <Filter>Header Files\techdemos</Filter>
    </ClInclude>
    <ClInclude Include="src\techdemos\lighttechdemo.h">
      <Filter>Header Files\techdemos</Filter>
    </ClInclude>
    <ClInclude Include="src\entity.h">
      <Filter>Header Files\entities</Filter>
    </ClInclude>
    <ClInclude Include="src\light_manager.h">
      <Filter>Header Files\VFX</Filter>
    </ClInclude>
    <ClInclude Include="src\vfxgrass.h">
      <Filter>Header Files\VFX</Filter>
    </ClInclude>
    <ClInclude Include="src\grass_entity.h">
      <Filter>Header Files\entities</Filter>
    </ClInclude>
    <ClInclude Include="src\particles.h">
      <Filter>Header Files\VFX</Filter>
    </ClInclude>
    <ClInclude Include="src\game_entity.h">
      <Filter>Header Files\entities</Filter>
    </ClInclude>
    <ClInclude Include="src\modelprop_entity.h">
      <Filter>Header Files\entities</Filter>
    </ClInclude>
    <ClInclude Include="src\render_target.h">
      <Filter>Header Files</Filter>
    </ClInclude>
    <ClInclude Include="src\base_gamelevel.h">
      <Filter>Header Files\scenes</Filter>
    </ClInclude>
    <ClInclude Include="src\postprocess.h">
      <Filter>Header Files\VFX</Filter>
    </ClInclude>
    <ClInclude Include="src\techdemos\postprocessdemo.h">
      <Filter>Header Files\techdemos</Filter>
    </ClInclude>
    <ClInclude Include="src\techdemos\enemytechdemo.h">
      <Filter>Header Files\techdemos</Filter>
    </ClInclude>
    <ClInclude Include="src\leveleditor.h">
      <Filter>Header Files\scenes</Filter>
    </ClInclude>
    <ClInclude Include="src\techdemos\graveyardtechdemo.h">
      <Filter>Header Files\scenes</Filter>
    </ClInclude>
    <ClInclude Include="src\techdemos\meadowtechdemo.h">
      <Filter>Header Files\scenes</Filter>
    </ClInclude>
    <ClInclude Include="src\techdemos\towntechdemo.h">
      <Filter>Header Files\scenes</Filter>
    </ClInclude>
    <ClInclude Include="src\techdemos\marshtechdemo.h">
      <Filter>Header Files\scenes</Filter>
    </ClInclude>
    <ClInclude Include="src\spine_entity.h">
      <Filter>Header Files\entities\spine_entities</Filter>
    </ClInclude>
    <ClInclude Include="src\npc_entity.h">
      <Filter>Header Files\entities\spine_entities</Filter>
    </ClInclude>
    <ClInclude Include="src\archer_entity.h">
      <Filter>Header Files\entities\spine_entities</Filter>
    </ClInclude>
    <ClInclude Include="src\player_entity.h">
      <Filter>Header Files\entities\spine_entities</Filter>
    </ClInclude>
    <ClInclude Include="src\skeleton_entity.h">
      <Filter>Header Files\entities\spine_entities</Filter>
    </ClInclude>
    <ClInclude Include="src\arrow.h">
      <Filter>Header Files\entities</Filter>
    </ClInclude>
    <ClInclude Include="src\button_entity.h">
      <Filter>Header Files\entities</Filter>
    </ClInclude>
    <ClInclude Include="src\portcullis_entity.h">
      <Filter>Header Files\entities</Filter>
    </ClInclude>
    <ClInclude Include="src\swordsman_entity.h">
      <Filter>Header Files\entities\spine_entities</Filter>
    </ClInclude>
    <ClInclude Include="src\enemy_sidefire.h">
      <Filter>Header Files\entities</Filter>
    </ClInclude>
    <ClInclude Include="src\techdemos\breakouttechdemo.h">
      <Filter>Header Files\techdemos</Filter>
    </ClInclude>
    <ClInclude Include="src\techdemos\JokeTechDemo.h">
      <Filter>Header Files\techdemos</Filter>
    </ClInclude>
    <ClInclude Include="src\techdemos\fogofwartechdemo.h">
      <Filter>Header Files\techdemos</Filter>
    </ClInclude>
    <ClInclude Include="src\grid_manager.h">
      <Filter>Header Files\grid</Filter>
    </ClInclude>
    <ClInclude Include="src\techdemos\dungeontechdemo.h">
      <Filter>Header Files\techdemos</Filter>
    </ClInclude>
    <ClInclude Include="src\gridcharacter.h">
      <Filter>Header Files\grid</Filter>
    </ClInclude>
  </ItemGroup>
  <ItemGroup>
    <None Include="data\shaders\grass.frag">
      <Filter>Resource Files\shaders</Filter>
    </None>
    <None Include="data\shaders\grass.vert">
      <Filter>Resource Files\shaders</Filter>
    </None>
    <None Include="data\shaders\green.frag">
      <Filter>Resource Files\shaders</Filter>
    </None>
    <None Include="data\shaders\green.vert">
      <Filter>Resource Files\shaders</Filter>
    </None>
    <None Include="data\shaders\inverter.frag">
      <Filter>Resource Files\shaders</Filter>
    </None>
    <None Include="data\shaders\inverter.vert">
      <Filter>Resource Files\shaders</Filter>
    </None>
    <None Include="data\shaders\monochrome.frag">
      <Filter>Resource Files\shaders</Filter>
    </None>
    <None Include="data\shaders\monochrome.vert">
      <Filter>Resource Files\shaders</Filter>
    </None>
    <None Include="data\shaders\phong.frag">
      <Filter>Resource Files\shaders</Filter>
    </None>
    <None Include="data\shaders\phong.vert">
      <Filter>Resource Files\shaders</Filter>
    </None>
    <None Include="data\shaders\point_light.frag">
      <Filter>Resource Files\shaders</Filter>
    </None>
    <None Include="data\shaders\point_light.vert">
      <Filter>Resource Files\shaders</Filter>
    </None>
    <None Include="data\shaders\point_light_spine.frag">
      <Filter>Resource Files\shaders</Filter>
    </None>
    <None Include="data\shaders\point_light_spine.vert">
      <Filter>Resource Files\shaders</Filter>
    </None>
  </ItemGroup>
</Project>